
Microsoft Visual Studio Solution File, Format Version 12.00
# Visual Studio Version 17
VisualStudioVersion = 17.12.35728.132 d17.12
MinimumVisualStudioVersion = 10.0.40219.1
Project("{8BC9CEB8-8B4A-11D0-8D11-00A0C91BC942}") = "GGXrdDisplayPingInjector", "GGXrdDisplayPingInjector\GGXrdDisplayPingInjector.vcxproj", "{7FBEABFB-AE96-4DF3-B86D-9E855303C800}"
EndProject
Project("{8BC9CEB8-8B4A-11D0-8D11-00A0C91BC942}") = "GGXrdDisplayPing", "GGXrdDisplayPing\GGXrdDisplayPing.vcxproj", "{D535E67A-65A8-44CF-A836-58E42D5A9C14}"
EndProject
Project("{2150E333-8FDC-42A3-9474-1A3956D46DE8}") = "Solution Items", "Solution Items", "{307D8514-6981-4C7F-96CA-9A9CA81C7098}"
	ProjectSection(SolutionItems) = preProject
		README.md = README.md
	EndProjectSection
EndProject
Global
	GlobalSection(SolutionConfigurationPlatforms) = preSolution
		Debug|x64 = Debug|x64
		Debug|x86 = Debug|x86
		Release|x64 = Release|x64
		Release|x86 = Release|x86
	EndGlobalSection
	GlobalSection(ProjectConfigurationPlatforms) = postSolution
		{7FBEABFB-AE96-4DF3-B86D-9E855303C800}.Debug|x64.ActiveCfg = Debug|x64
		{7FBEABFB-AE96-4DF3-B86D-9E855303C800}.Debug|x64.Build.0 = Debug|x64
		{7FBEABFB-AE96-4DF3-B86D-9E855303C800}.Debug|x86.ActiveCfg = Debug|Win32
		{7FBEABFB-AE96-4DF3-B86D-9E855303C800}.Debug|x86.Build.0 = Debug|Win32
		{7FBEABFB-AE96-4DF3-B86D-9E855303C800}.Release|x64.ActiveCfg = Release|x64
		{7FBEABFB-AE96-4DF3-B86D-9E855303C800}.Release|x64.Build.0 = Release|x64
		{7FBEABFB-AE96-4DF3-B86D-9E855303C800}.Release|x86.ActiveCfg = Release|Win32
		{7FBEABFB-AE96-4DF3-B86D-9E855303C800}.Release|x86.Build.0 = Release|Win32
		{D535E67A-65A8-44CF-A836-58E42D5A9C14}.Debug|x64.ActiveCfg = Debug|Win32
		{D535E67A-65A8-44CF-A836-58E42D5A9C14}.Debug|x64.Build.0 = Debug|Win32
		{D535E67A-65A8-44CF-A836-58E42D5A9C14}.Debug|x86.ActiveCfg = Debug|Win32
		{D535E67A-65A8-44CF-A836-58E42D5A9C14}.Debug|x86.Build.0 = Debug|Win32
		{D535E67A-65A8-44CF-A836-58E42D5A9C14}.Release|x64.ActiveCfg = Release|Win32
		{D535E67A-65A8-44CF-A836-58E42D5A9C14}.Release|x64.Build.0 = Release|Win32
		{D535E67A-65A8-44CF-A836-58E42D5A9C14}.Release|x86.ActiveCfg = Release|Win32
		{D535E67A-65A8-44CF-A836-58E42D5A9C14}.Release|x86.Build.0 = Release|Win32
	EndGlobalSection
	GlobalSection(SolutionProperties) = preSolution
		HideSolutionNode = FALSE
	EndGlobalSection
EndGlobal
